
Microsoft Visual Studio Solution File, Format Version 12.00
# Visual Studio Version 16
VisualStudioVersion = 16.0.31515.178
MinimumVisualStudioVersion = 10.0.40219.1
Project("{FAE04EC0-301F-11D3-BF4B-00C04F79EFBC}") = "ConsoleApp2", "ConsoleApp2\ConsoleApp2.csproj", "{0B088F4E-35EA-4577-ACD5-DF95F8CA13D1}"
EndProject
Global
	GlobalSection(SolutionConfigurationPlatforms) = preSolution
		Debug|Any CPU = Debug|Any CPU
		Release|Any CPU = Release|Any CPU
	EndGlobalSection
	GlobalSection(ProjectConfigurationPlatforms) = postSolution
		{0B088F4E-35EA-4577-ACD5-DF95F8CA13D1}.Debug|Any CPU.ActiveCfg = Debug|Any CPU
		{0B088F4E-35EA-4577-ACD5-DF95F8CA13D1}.Debug|Any CPU.Build.0 = Debug|Any CPU
		{0B088F4E-35EA-4577-ACD5-DF95F8CA13D1}.Release|Any CPU.ActiveCfg = Release|Any CPU
		{0B088F4E-35EA-4577-ACD5-DF95F8CA13D1}.Release|Any CPU.Build.0 = Release|Any CPU
	EndGlobalSection
	GlobalSection(SolutionProperties) = preSolution
		HideSolutionNode = FALSE
	EndGlobalSection
	GlobalSection(ExtensibilityGlobals) = postSolution
		SolutionGuid = {0B080CC7-0EFE-431A-A329-8DA5613D74AB}
	EndGlobalSection
EndGlobal
